// !$*UTF8*$!
{
	archiveVersion = 1;
	classes = {
	};
	objectVersion = 48;
	objects = {

/* Begin PBXBuildFile section */
		5F6D8979221A40D45C47AD3C /* Pods_FindABookTests.framework in Frameworks */ = {isa = PBXBuildFile; fileRef = 3C84B0CEA24BFBBAD8563765 /* Pods_FindABookTests.framework */; };
		B62E3602D019CE52A1FC1102 /* Pods_FindABookUITests.framework in Frameworks */ = {isa = PBXBuildFile; fileRef = 54533D80EF766DBB58EC6DD0 /* Pods_FindABookUITests.framework */; };
		D4058E4A1FE410CF009F435F /* AppDelegate.swift in Sources */ = {isa = PBXBuildFile; fileRef = D4058E491FE410CF009F435F /* AppDelegate.swift */; };
		D4058E4F1FE410CF009F435F /* Main.storyboard in Resources */ = {isa = PBXBuildFile; fileRef = D4058E4D1FE410CF009F435F /* Main.storyboard */; };
		D4058E511FE410CF009F435F /* Assets.xcassets in Resources */ = {isa = PBXBuildFile; fileRef = D4058E501FE410CF009F435F /* Assets.xcassets */; };
		D4058E541FE410CF009F435F /* LaunchScreen.storyboard in Resources */ = {isa = PBXBuildFile; fileRef = D4058E521FE410CF009F435F /* LaunchScreen.storyboard */; };
		D4058E5F1FE410CF009F435F /* FindABookTests.swift in Sources */ = {isa = PBXBuildFile; fileRef = D4058E5E1FE410CF009F435F /* FindABookTests.swift */; };
		D4058E6A1FE410CF009F435F /* FindABookUITests.swift in Sources */ = {isa = PBXBuildFile; fileRef = D4058E691FE410CF009F435F /* FindABookUITests.swift */; };
		D4058E791FE414E1009F435F /* FBNetwokrManager.swift in Sources */ = {isa = PBXBuildFile; fileRef = D4058E781FE414E1009F435F /* FBNetwokrManager.swift */; };
		D4058E7B1FE41521009F435F /* FBMappingManager.swift in Sources */ = {isa = PBXBuildFile; fileRef = D4058E7A1FE41521009F435F /* FBMappingManager.swift */; };
		D4058E7E1FE4155A009F435F /* FBBookService.swift in Sources */ = {isa = PBXBuildFile; fileRef = D4058E7D1FE4155A009F435F /* FBBookService.swift */; };
		D4058E811FE4159B009F435F /* Constants.swift in Sources */ = {isa = PBXBuildFile; fileRef = D4058E801FE4159B009F435F /* Constants.swift */; };
		D4058E841FE415EC009F435F /* FBBaseViewModel.swift in Sources */ = {isa = PBXBuildFile; fileRef = D4058E831FE415EC009F435F /* FBBaseViewModel.swift */; };
		D4058E861FE41618009F435F /* FBBookViewModel.swift in Sources */ = {isa = PBXBuildFile; fileRef = D4058E851FE41618009F435F /* FBBookViewModel.swift */; };
		D4058E8A1FE41677009F435F /* FBBaseMappable.swift in Sources */ = {isa = PBXBuildFile; fileRef = D4058E891FE41677009F435F /* FBBaseMappable.swift */; };
		D4058E8D1FE416A9009F435F /* FBBooksListModel.swift in Sources */ = {isa = PBXBuildFile; fileRef = D4058E8C1FE416A9009F435F /* FBBooksListModel.swift */; };
		D49FC55D1FE4178F008E59D9 /* FBBaseViewController.swift in Sources */ = {isa = PBXBuildFile; fileRef = D49FC55C1FE4178F008E59D9 /* FBBaseViewController.swift */; };
		D49FC5601FE417E8008E59D9 /* FBBookListViewController.swift in Sources */ = {isa = PBXBuildFile; fileRef = D49FC55F1FE417E8008E59D9 /* FBBookListViewController.swift */; };
		D49FC5641FE419C8008E59D9 /* FBBookCell.swift in Sources */ = {isa = PBXBuildFile; fileRef = D49FC5631FE419C8008E59D9 /* FBBookCell.swift */; };
		D49FC5661FE41A21008E59D9 /* FBBookListViewController+CollectionView.swift in Sources */ = {isa = PBXBuildFile; fileRef = D49FC5651FE41A21008E59D9 /* FBBookListViewController+CollectionView.swift */; };
		D49FC5681FE4263E008E59D9 /* UIView+CardShadow.swift in Sources */ = {isa = PBXBuildFile; fileRef = D49FC5671FE4263E008E59D9 /* UIView+CardShadow.swift */; };
		DB7E316379AF1147A80EE3D9 /* Pods_FindABook.framework in Frameworks */ = {isa = PBXBuildFile; fileRef = 1C8C1B9FC9913D2A4EC10332 /* Pods_FindABook.framework */; };
/* End PBXBuildFile section */

/* Begin PBXContainerItemProxy section */
		D4058E5B1FE410CF009F435F /* PBXContainerItemProxy */ = {
			isa = PBXContainerItemProxy;
			containerPortal = D4058E3E1FE410CF009F435F /* Project object */;
			proxyType = 1;
			remoteGlobalIDString = D4058E451FE410CF009F435F;
			remoteInfo = FindABook;
		};
		D4058E661FE410CF009F435F /* PBXContainerItemProxy */ = {
			isa = PBXContainerItemProxy;
			containerPortal = D4058E3E1FE410CF009F435F /* Project object */;
			proxyType = 1;
			remoteGlobalIDString = D4058E451FE410CF009F435F;
			remoteInfo = FindABook;
		};
/* End PBXContainerItemProxy section */

/* Begin PBXFileReference section */
		04814B9757CA35F08CB29C19 /* Pods-FindABook.release.xcconfig */ = {isa = PBXFileReference; includeInIndex = 1; lastKnownFileType = text.xcconfig; name = "Pods-FindABook.release.xcconfig"; path = "Pods/Target Support Files/Pods-FindABook/Pods-FindABook.release.xcconfig"; sourceTree = "<group>"; };
		05CB7EA9EC16CDA09165B874 /* Pods-FindABookUITests.debug.xcconfig */ = {isa = PBXFileReference; includeInIndex = 1; lastKnownFileType = text.xcconfig; name = "Pods-FindABookUITests.debug.xcconfig"; path = "Pods/Target Support Files/Pods-FindABookUITests/Pods-FindABookUITests.debug.xcconfig"; sourceTree = "<group>"; };
		1C8C1B9FC9913D2A4EC10332 /* Pods_FindABook.framework */ = {isa = PBXFileReference; explicitFileType = wrapper.framework; includeInIndex = 0; path = Pods_FindABook.framework; sourceTree = BUILT_PRODUCTS_DIR; };
		3C84B0CEA24BFBBAD8563765 /* Pods_FindABookTests.framework */ = {isa = PBXFileReference; explicitFileType = wrapper.framework; includeInIndex = 0; path = Pods_FindABookTests.framework; sourceTree = BUILT_PRODUCTS_DIR; };
		48668A053D33C3E3D5BFA190 /* Pods-FindABookUITests.release.xcconfig */ = {isa = PBXFileReference; includeInIndex = 1; lastKnownFileType = text.xcconfig; name = "Pods-FindABookUITests.release.xcconfig"; path = "Pods/Target Support Files/Pods-FindABookUITests/Pods-FindABookUITests.release.xcconfig"; sourceTree = "<group>"; };
		54533D80EF766DBB58EC6DD0 /* Pods_FindABookUITests.framework */ = {isa = PBXFileReference; explicitFileType = wrapper.framework; includeInIndex = 0; path = Pods_FindABookUITests.framework; sourceTree = BUILT_PRODUCTS_DIR; };
		67BB53C77382D8458D505729 /* Pods-FindABookTests.release.xcconfig */ = {isa = PBXFileReference; includeInIndex = 1; lastKnownFileType = text.xcconfig; name = "Pods-FindABookTests.release.xcconfig"; path = "Pods/Target Support Files/Pods-FindABookTests/Pods-FindABookTests.release.xcconfig"; sourceTree = "<group>"; };
		D4058E461FE410CF009F435F /* FindABook.app */ = {isa = PBXFileReference; explicitFileType = wrapper.application; includeInIndex = 0; path = FindABook.app; sourceTree = BUILT_PRODUCTS_DIR; };
		D4058E491FE410CF009F435F /* AppDelegate.swift */ = {isa = PBXFileReference; lastKnownFileType = sourcecode.swift; path = AppDelegate.swift; sourceTree = "<group>"; };
		D4058E4E1FE410CF009F435F /* Base */ = {isa = PBXFileReference; lastKnownFileType = file.storyboard; name = Base; path = Base.lproj/Main.storyboard; sourceTree = "<group>"; };
		D4058E501FE410CF009F435F /* Assets.xcassets */ = {isa = PBXFileReference; lastKnownFileType = folder.assetcatalog; path = Assets.xcassets; sourceTree = "<group>"; };
		D4058E531FE410CF009F435F /* Base */ = {isa = PBXFileReference; lastKnownFileType = file.storyboard; name = Base; path = Base.lproj/LaunchScreen.storyboard; sourceTree = "<group>"; };
		D4058E551FE410CF009F435F /* Info.plist */ = {isa = PBXFileReference; lastKnownFileType = text.plist.xml; path = Info.plist; sourceTree = "<group>"; };
		D4058E5A1FE410CF009F435F /* FindABookTests.xctest */ = {isa = PBXFileReference; explicitFileType = wrapper.cfbundle; includeInIndex = 0; path = FindABookTests.xctest; sourceTree = BUILT_PRODUCTS_DIR; };
		D4058E5E1FE410CF009F435F /* FindABookTests.swift */ = {isa = PBXFileReference; lastKnownFileType = sourcecode.swift; path = FindABookTests.swift; sourceTree = "<group>"; };
		D4058E601FE410CF009F435F /* Info.plist */ = {isa = PBXFileReference; lastKnownFileType = text.plist.xml; path = Info.plist; sourceTree = "<group>"; };
		D4058E651FE410CF009F435F /* FindABookUITests.xctest */ = {isa = PBXFileReference; explicitFileType = wrapper.cfbundle; includeInIndex = 0; path = FindABookUITests.xctest; sourceTree = BUILT_PRODUCTS_DIR; };
		D4058E691FE410CF009F435F /* FindABookUITests.swift */ = {isa = PBXFileReference; lastKnownFileType = sourcecode.swift; path = FindABookUITests.swift; sourceTree = "<group>"; };
		D4058E6B1FE410CF009F435F /* Info.plist */ = {isa = PBXFileReference; lastKnownFileType = text.plist.xml; path = Info.plist; sourceTree = "<group>"; };
		D4058E781FE414E1009F435F /* FBNetwokrManager.swift */ = {isa = PBXFileReference; lastKnownFileType = sourcecode.swift; path = FBNetwokrManager.swift; sourceTree = "<group>"; };
		D4058E7A1FE41521009F435F /* FBMappingManager.swift */ = {isa = PBXFileReference; lastKnownFileType = sourcecode.swift; path = FBMappingManager.swift; sourceTree = "<group>"; };
		D4058E7D1FE4155A009F435F /* FBBookService.swift */ = {isa = PBXFileReference; lastKnownFileType = sourcecode.swift; path = FBBookService.swift; sourceTree = "<group>"; };
		D4058E801FE4159B009F435F /* Constants.swift */ = {isa = PBXFileReference; lastKnownFileType = sourcecode.swift; path = Constants.swift; sourceTree = "<group>"; };
		D4058E831FE415EC009F435F /* FBBaseViewModel.swift */ = {isa = PBXFileReference; lastKnownFileType = sourcecode.swift; path = FBBaseViewModel.swift; sourceTree = "<group>"; };
		D4058E851FE41618009F435F /* FBBookViewModel.swift */ = {isa = PBXFileReference; lastKnownFileType = sourcecode.swift; path = FBBookViewModel.swift; sourceTree = "<group>"; };
		D4058E891FE41677009F435F /* FBBaseMappable.swift */ = {isa = PBXFileReference; lastKnownFileType = sourcecode.swift; path = FBBaseMappable.swift; sourceTree = "<group>"; };
		D4058E8C1FE416A9009F435F /* FBBooksListModel.swift */ = {isa = PBXFileReference; lastKnownFileType = sourcecode.swift; path = FBBooksListModel.swift; sourceTree = "<group>"; };
		D49FC55C1FE4178F008E59D9 /* FBBaseViewController.swift */ = {isa = PBXFileReference; lastKnownFileType = sourcecode.swift; path = FBBaseViewController.swift; sourceTree = "<group>"; };
		D49FC55F1FE417E8008E59D9 /* FBBookListViewController.swift */ = {isa = PBXFileReference; lastKnownFileType = sourcecode.swift; path = FBBookListViewController.swift; sourceTree = "<group>"; };
		D49FC5631FE419C8008E59D9 /* FBBookCell.swift */ = {isa = PBXFileReference; lastKnownFileType = sourcecode.swift; path = FBBookCell.swift; sourceTree = "<group>"; };
		D49FC5651FE41A21008E59D9 /* FBBookListViewController+CollectionView.swift */ = {isa = PBXFileReference; lastKnownFileType = sourcecode.swift; path = "FBBookListViewController+CollectionView.swift"; sourceTree = "<group>"; };
		D49FC5671FE4263E008E59D9 /* UIView+CardShadow.swift */ = {isa = PBXFileReference; lastKnownFileType = sourcecode.swift; path = "UIView+CardShadow.swift"; sourceTree = "<group>"; };
		D75BDABE5014576DD89829E8 /* Pods-FindABookTests.debug.xcconfig */ = {isa = PBXFileReference; includeInIndex = 1; lastKnownFileType = text.xcconfig; name = "Pods-FindABookTests.debug.xcconfig"; path = "Pods/Target Support Files/Pods-FindABookTests/Pods-FindABookTests.debug.xcconfig"; sourceTree = "<group>"; };
		E2DD4375B3D0316BBA686466 /* Pods-FindABook.debug.xcconfig */ = {isa = PBXFileReference; includeInIndex = 1; lastKnownFileType = text.xcconfig; name = "Pods-FindABook.debug.xcconfig"; path = "Pods/Target Support Files/Pods-FindABook/Pods-FindABook.debug.xcconfig"; sourceTree = "<group>"; };
/* End PBXFileReference section */

/* Begin PBXFrameworksBuildPhase section */
		D4058E431FE410CF009F435F /* Frameworks */ = {
			isa = PBXFrameworksBuildPhase;
			buildActionMask = 2147483647;
			files = (
				DB7E316379AF1147A80EE3D9 /* Pods_FindABook.framework in Frameworks */,
			);
			runOnlyForDeploymentPostprocessing = 0;
		};
		D4058E571FE410CF009F435F /* Frameworks */ = {
			isa = PBXFrameworksBuildPhase;
			buildActionMask = 2147483647;
			files = (
				5F6D8979221A40D45C47AD3C /* Pods_FindABookTests.framework in Frameworks */,
			);
			runOnlyForDeploymentPostprocessing = 0;
		};
		D4058E621FE410CF009F435F /* Frameworks */ = {
			isa = PBXFrameworksBuildPhase;
			buildActionMask = 2147483647;
			files = (
				B62E3602D019CE52A1FC1102 /* Pods_FindABookUITests.framework in Frameworks */,
			);
			runOnlyForDeploymentPostprocessing = 0;
		};
/* End PBXFrameworksBuildPhase section */

/* Begin PBXGroup section */
		BD42C09F1DF0D7E1A1869737 /* Pods */ = {
			isa = PBXGroup;
			children = (
				E2DD4375B3D0316BBA686466 /* Pods-FindABook.debug.xcconfig */,
				04814B9757CA35F08CB29C19 /* Pods-FindABook.release.xcconfig */,
				D75BDABE5014576DD89829E8 /* Pods-FindABookTests.debug.xcconfig */,
				67BB53C77382D8458D505729 /* Pods-FindABookTests.release.xcconfig */,
				05CB7EA9EC16CDA09165B874 /* Pods-FindABookUITests.debug.xcconfig */,
				48668A053D33C3E3D5BFA190 /* Pods-FindABookUITests.release.xcconfig */,
			);
			name = Pods;
			sourceTree = "<group>";
		};
		D4058E3D1FE410CF009F435F = {
			isa = PBXGroup;
			children = (
				D4058E481FE410CF009F435F /* FindABook */,
				D4058E5D1FE410CF009F435F /* FindABookTests */,
				D4058E681FE410CF009F435F /* FindABookUITests */,
				D4058E471FE410CF009F435F /* Products */,
				BD42C09F1DF0D7E1A1869737 /* Pods */,
				F6E68A5BA289FE0557D18353 /* Frameworks */,
			);
			sourceTree = "<group>";
		};
		D4058E471FE410CF009F435F /* Products */ = {
			isa = PBXGroup;
			children = (
				D4058E461FE410CF009F435F /* FindABook.app */,
				D4058E5A1FE410CF009F435F /* FindABookTests.xctest */,
				D4058E651FE410CF009F435F /* FindABookUITests.xctest */,
			);
			name = Products;
			sourceTree = "<group>";
		};
		D4058E481FE410CF009F435F /* FindABook */ = {
			isa = PBXGroup;
			children = (
				D4058E821FE415DD009F435F /* Models */,
				D49FC5591FE41758008E59D9 /* Views */,
				D4058E7F1FE4158D009F435F /* Utils */,
				D4058E7C1FE41549009F435F /* Service */,
				D4058E771FE414C0009F435F /* Network */,
				D4058E501FE410CF009F435F /* Assets.xcassets */,
				D4058E521FE410CF009F435F /* LaunchScreen.storyboard */,
				D4058E551FE410CF009F435F /* Info.plist */,
			);
			path = FindABook;
			sourceTree = "<group>";
		};
		D4058E5D1FE410CF009F435F /* FindABookTests */ = {
			isa = PBXGroup;
			children = (
				D4058E5E1FE410CF009F435F /* FindABookTests.swift */,
				D4058E601FE410CF009F435F /* Info.plist */,
			);
			path = FindABookTests;
			sourceTree = "<group>";
		};
		D4058E681FE410CF009F435F /* FindABookUITests */ = {
			isa = PBXGroup;
			children = (
				D4058E691FE410CF009F435F /* FindABookUITests.swift */,
				D4058E6B1FE410CF009F435F /* Info.plist */,
			);
			path = FindABookUITests;
			sourceTree = "<group>";
		};
		D4058E771FE414C0009F435F /* Network */ = {
			isa = PBXGroup;
			children = (
				D4058E781FE414E1009F435F /* FBNetwokrManager.swift */,
				D4058E7A1FE41521009F435F /* FBMappingManager.swift */,
			);
			path = Network;
			sourceTree = "<group>";
		};
		D4058E7C1FE41549009F435F /* Service */ = {
			isa = PBXGroup;
			children = (
				D4058E7D1FE4155A009F435F /* FBBookService.swift */,
			);
			path = Service;
			sourceTree = "<group>";
		};
		D4058E7F1FE4158D009F435F /* Utils */ = {
			isa = PBXGroup;
			children = (
				D4058E491FE410CF009F435F /* AppDelegate.swift */,
				D4058E801FE4159B009F435F /* Constants.swift */,
			);
			path = Utils;
			sourceTree = "<group>";
		};
		D4058E821FE415DD009F435F /* Models */ = {
			isa = PBXGroup;
			children = (
				D4058E881FE4165D009F435F /* DTO */,
				D4058E871FE4164F009F435F /* ViewModel */,
			);
			path = Models;
			sourceTree = "<group>";
		};
		D4058E871FE4164F009F435F /* ViewModel */ = {
			isa = PBXGroup;
			children = (
				D4058E831FE415EC009F435F /* FBBaseViewModel.swift */,
				D4058E851FE41618009F435F /* FBBookViewModel.swift */,
			);
			path = ViewModel;
			sourceTree = "<group>";
		};
		D4058E881FE4165D009F435F /* DTO */ = {
			isa = PBXGroup;
			children = (
				D4058E891FE41677009F435F /* FBBaseMappable.swift */,
				D4058E8C1FE416A9009F435F /* FBBooksListModel.swift */,
			);
			path = DTO;
			sourceTree = "<group>";
		};
		D49FC5591FE41758008E59D9 /* Views */ = {
			isa = PBXGroup;
			children = (
				D49FC5691FE426BD008E59D9 /* CustomViews */,
				D49FC5621FE419B6008E59D9 /* CustomCells */,
				D49FC55B1FE41769008E59D9 /* Controllers */,
				D49FC55A1FE41761008E59D9 /* Stroyboard */,
			);
			path = Views;
			sourceTree = "<group>";
		};
		D49FC55A1FE41761008E59D9 /* Stroyboard */ = {
			isa = PBXGroup;
			children = (
				D4058E4D1FE410CF009F435F /* Main.storyboard */,
			);
			path = Stroyboard;
			sourceTree = "<group>";
		};
		D49FC55B1FE41769008E59D9 /* Controllers */ = {
			isa = PBXGroup;
			children = (
				D49FC5611FE417F4008E59D9 /* BookListViewController */,
				D49FC55E1FE417C9008E59D9 /* BaseController */,
			);
			path = Controllers;
			sourceTree = "<group>";
		};
		D49FC55E1FE417C9008E59D9 /* BaseController */ = {
			isa = PBXGroup;
			children = (
				D49FC55C1FE4178F008E59D9 /* FBBaseViewController.swift */,
			);
			path = BaseController;
			sourceTree = "<group>";
		};
		D49FC5611FE417F4008E59D9 /* BookListViewController */ = {
			isa = PBXGroup;
			children = (
				D49FC55F1FE417E8008E59D9 /* FBBookListViewController.swift */,
				D49FC5651FE41A21008E59D9 /* FBBookListViewController+CollectionView.swift */,
			);
			path = BookListViewController;
			sourceTree = "<group>";
		};
		D49FC5621FE419B6008E59D9 /* CustomCells */ = {
			isa = PBXGroup;
			children = (
				D49FC5631FE419C8008E59D9 /* FBBookCell.swift */,
			);
			path = CustomCells;
			sourceTree = "<group>";
		};
		D49FC5691FE426BD008E59D9 /* CustomViews */ = {
			isa = PBXGroup;
			children = (
				D49FC5671FE4263E008E59D9 /* UIView+CardShadow.swift */,
			);
			path = CustomViews;
			sourceTree = "<group>";
		};
		F6E68A5BA289FE0557D18353 /* Frameworks */ = {
			isa = PBXGroup;
			children = (
				1C8C1B9FC9913D2A4EC10332 /* Pods_FindABook.framework */,
				3C84B0CEA24BFBBAD8563765 /* Pods_FindABookTests.framework */,
				54533D80EF766DBB58EC6DD0 /* Pods_FindABookUITests.framework */,
			);
			name = Frameworks;
			sourceTree = "<group>";
		};
/* End PBXGroup section */

/* Begin PBXNativeTarget section */
		D4058E451FE410CF009F435F /* FindABook */ = {
			isa = PBXNativeTarget;
			buildConfigurationList = D4058E6E1FE410CF009F435F /* Build configuration list for PBXNativeTarget "FindABook" */;
			buildPhases = (
				2A2D364ADB86E661F07B2C78 /* [CP] Check Pods Manifest.lock */,
				D4058E421FE410CF009F435F /* Sources */,
				D4058E431FE410CF009F435F /* Frameworks */,
				D4058E441FE410CF009F435F /* Resources */,
				453D952309286428D52CFAFF /* [CP] Embed Pods Frameworks */,
				73CB787A05E7034A3A73B40A /* [CP] Copy Pods Resources */,
			);
			buildRules = (
			);
			dependencies = (
			);
			name = FindABook;
			productName = FindABook;
			productReference = D4058E461FE410CF009F435F /* FindABook.app */;
			productType = "com.apple.product-type.application";
		};
		D4058E591FE410CF009F435F /* FindABookTests */ = {
			isa = PBXNativeTarget;
			buildConfigurationList = D4058E711FE410CF009F435F /* Build configuration list for PBXNativeTarget "FindABookTests" */;
			buildPhases = (
				1B6502510900E81A1D036964 /* [CP] Check Pods Manifest.lock */,
				D4058E561FE410CF009F435F /* Sources */,
				D4058E571FE410CF009F435F /* Frameworks */,
				D4058E581FE410CF009F435F /* Resources */,
				EA2BB7D4558B6F9491808C14 /* [CP] Embed Pods Frameworks */,
				1616484D766FD04F57DCA54F /* [CP] Copy Pods Resources */,
			);
			buildRules = (
			);
			dependencies = (
				D4058E5C1FE410CF009F435F /* PBXTargetDependency */,
			);
			name = FindABookTests;
			productName = FindABookTests;
			productReference = D4058E5A1FE410CF009F435F /* FindABookTests.xctest */;
			productType = "com.apple.product-type.bundle.unit-test";
		};
		D4058E641FE410CF009F435F /* FindABookUITests */ = {
			isa = PBXNativeTarget;
			buildConfigurationList = D4058E741FE410CF009F435F /* Build configuration list for PBXNativeTarget "FindABookUITests" */;
			buildPhases = (
				BEA4382D1DF1384804768433 /* [CP] Check Pods Manifest.lock */,
				D4058E611FE410CF009F435F /* Sources */,
				D4058E621FE410CF009F435F /* Frameworks */,
				D4058E631FE410CF009F435F /* Resources */,
				532E7D68C113B2A656670DFC /* [CP] Embed Pods Frameworks */,
				9DFDBA6BEA8D07A230469905 /* [CP] Copy Pods Resources */,
			);
			buildRules = (
			);
			dependencies = (
				D4058E671FE410CF009F435F /* PBXTargetDependency */,
			);
			name = FindABookUITests;
			productName = FindABookUITests;
			productReference = D4058E651FE410CF009F435F /* FindABookUITests.xctest */;
			productType = "com.apple.product-type.bundle.ui-testing";
		};
/* End PBXNativeTarget section */

/* Begin PBXProject section */
		D4058E3E1FE410CF009F435F /* Project object */ = {
			isa = PBXProject;
			attributes = {
				LastSwiftUpdateCheck = 0900;
				LastUpgradeCheck = 0900;
				ORGANIZATIONNAME = "Shimaa Magdi";
				TargetAttributes = {
					D4058E451FE410CF009F435F = {
						CreatedOnToolsVersion = 9.0;
						ProvisioningStyle = Automatic;
					};
					D4058E591FE410CF009F435F = {
						CreatedOnToolsVersion = 9.0;
						ProvisioningStyle = Automatic;
						TestTargetID = D4058E451FE410CF009F435F;
					};
					D4058E641FE410CF009F435F = {
						CreatedOnToolsVersion = 9.0;
						ProvisioningStyle = Automatic;
						TestTargetID = D4058E451FE410CF009F435F;
					};
				};
			};
			buildConfigurationList = D4058E411FE410CF009F435F /* Build configuration list for PBXProject "FindABook" */;
			compatibilityVersion = "Xcode 8.0";
			developmentRegion = en;
			hasScannedForEncodings = 0;
			knownRegions = (
				en,
				Base,
			);
			mainGroup = D4058E3D1FE410CF009F435F;
			productRefGroup = D4058E471FE410CF009F435F /* Products */;
			projectDirPath = "";
			projectRoot = "";
			targets = (
				D4058E451FE410CF009F435F /* FindABook */,
				D4058E591FE410CF009F435F /* FindABookTests */,
				D4058E641FE410CF009F435F /* FindABookUITests */,
			);
		};
/* End PBXProject section */

/* Begin PBXResourcesBuildPhase section */
		D4058E441FE410CF009F435F /* Resources */ = {
			isa = PBXResourcesBuildPhase;
			buildActionMask = 2147483647;
			files = (
				D4058E541FE410CF009F435F /* LaunchScreen.storyboard in Resources */,
				D4058E511FE410CF009F435F /* Assets.xcassets in Resources */,
				D4058E4F1FE410CF009F435F /* Main.storyboard in Resources */,
			);
			runOnlyForDeploymentPostprocessing = 0;
		};
		D4058E581FE410CF009F435F /* Resources */ = {
			isa = PBXResourcesBuildPhase;
			buildActionMask = 2147483647;
			files = (
			);
			runOnlyForDeploymentPostprocessing = 0;
		};
		D4058E631FE410CF009F435F /* Resources */ = {
			isa = PBXResourcesBuildPhase;
			buildActionMask = 2147483647;
			files = (
			);
			runOnlyForDeploymentPostprocessing = 0;
		};
/* End PBXResourcesBuildPhase section */

/* Begin PBXShellScriptBuildPhase section */
		1616484D766FD04F57DCA54F /* [CP] Copy Pods Resources */ = {
			isa = PBXShellScriptBuildPhase;
			buildActionMask = 2147483647;
			files = (
			);
			inputPaths = (
			);
			name = "[CP] Copy Pods Resources";
			outputPaths = (
			);
			runOnlyForDeploymentPostprocessing = 0;
			shellPath = /bin/sh;
			shellScript = "\"${SRCROOT}/Pods/Target Support Files/Pods-FindABookTests/Pods-FindABookTests-resources.sh\"\n";
			showEnvVarsInLog = 0;
		};
		1B6502510900E81A1D036964 /* [CP] Check Pods Manifest.lock */ = {
			isa = PBXShellScriptBuildPhase;
			buildActionMask = 2147483647;
			files = (
			);
			inputPaths = (
				"${PODS_PODFILE_DIR_PATH}/Podfile.lock",
				"${PODS_ROOT}/Manifest.lock",
			);
			name = "[CP] Check Pods Manifest.lock";
			outputPaths = (
				"$(DERIVED_FILE_DIR)/Pods-FindABookTests-checkManifestLockResult.txt",
			);
			runOnlyForDeploymentPostprocessing = 0;
			shellPath = /bin/sh;
			shellScript = "diff \"${PODS_PODFILE_DIR_PATH}/Podfile.lock\" \"${PODS_ROOT}/Manifest.lock\" > /dev/null\nif [ $? != 0 ] ; then\n    # print error to STDERR\n    echo \"error: The sandbox is not in sync with the Podfile.lock. Run 'pod install' or update your CocoaPods installation.\" >&2\n    exit 1\nfi\n# This output is used by Xcode 'outputs' to avoid re-running this script phase.\necho \"SUCCESS\" > \"${SCRIPT_OUTPUT_FILE_0}\"\n";
			showEnvVarsInLog = 0;
		};
		2A2D364ADB86E661F07B2C78 /* [CP] Check Pods Manifest.lock */ = {
			isa = PBXShellScriptBuildPhase;
			buildActionMask = 2147483647;
			files = (
			);
			inputPaths = (
				"${PODS_PODFILE_DIR_PATH}/Podfile.lock",
				"${PODS_ROOT}/Manifest.lock",
			);
			name = "[CP] Check Pods Manifest.lock";
			outputPaths = (
				"$(DERIVED_FILE_DIR)/Pods-FindABook-checkManifestLockResult.txt",
			);
			runOnlyForDeploymentPostprocessing = 0;
			shellPath = /bin/sh;
			shellScript = "diff \"${PODS_PODFILE_DIR_PATH}/Podfile.lock\" \"${PODS_ROOT}/Manifest.lock\" > /dev/null\nif [ $? != 0 ] ; then\n    # print error to STDERR\n    echo \"error: The sandbox is not in sync with the Podfile.lock. Run 'pod install' or update your CocoaPods installation.\" >&2\n    exit 1\nfi\n# This output is used by Xcode 'outputs' to avoid re-running this script phase.\necho \"SUCCESS\" > \"${SCRIPT_OUTPUT_FILE_0}\"\n";
			showEnvVarsInLog = 0;
		};
		453D952309286428D52CFAFF /* [CP] Embed Pods Frameworks */ = {
			isa = PBXShellScriptBuildPhase;
			buildActionMask = 2147483647;
			files = (
			);
			inputPaths = (
				"${SRCROOT}/Pods/Target Support Files/Pods-FindABook/Pods-FindABook-frameworks.sh",
				"${BUILT_PRODUCTS_DIR}/Alamofire/Alamofire.framework",
				"${BUILT_PRODUCTS_DIR}/Kingfisher/Kingfisher.framework",
				"${BUILT_PRODUCTS_DIR}/MBProgressHUD/MBProgressHUD.framework",
				"${BUILT_PRODUCTS_DIR}/ObjectMapper/ObjectMapper.framework",
			);
			name = "[CP] Embed Pods Frameworks";
			outputPaths = (
				"${TARGET_BUILD_DIR}/${FRAMEWORKS_FOLDER_PATH}/Alamofire.framework",
				"${TARGET_BUILD_DIR}/${FRAMEWORKS_FOLDER_PATH}/Kingfisher.framework",
				"${TARGET_BUILD_DIR}/${FRAMEWORKS_FOLDER_PATH}/MBProgressHUD.framework",
				"${TARGET_BUILD_DIR}/${FRAMEWORKS_FOLDER_PATH}/ObjectMapper.framework",
			);
			runOnlyForDeploymentPostprocessing = 0;
			shellPath = /bin/sh;
			shellScript = "\"${SRCROOT}/Pods/Target Support Files/Pods-FindABook/Pods-FindABook-frameworks.sh\"\n";
			showEnvVarsInLog = 0;
		};
		532E7D68C113B2A656670DFC /* [CP] Embed Pods Frameworks */ = {
			isa = PBXShellScriptBuildPhase;
			buildActionMask = 2147483647;
			files = (
			);
			inputPaths = (
			);
			name = "[CP] Embed Pods Frameworks";
			outputPaths = (
			);
			runOnlyForDeploymentPostprocessing = 0;
			shellPath = /bin/sh;
			shellScript = "\"${SRCROOT}/Pods/Target Support Files/Pods-FindABookUITests/Pods-FindABookUITests-frameworks.sh\"\n";
			showEnvVarsInLog = 0;
		};
		73CB787A05E7034A3A73B40A /* [CP] Copy Pods Resources */ = {
			isa = PBXShellScriptBuildPhase;
			buildActionMask = 2147483647;
			files = (
			);
			inputPaths = (
			);
			name = "[CP] Copy Pods Resources";
			outputPaths = (
			);
			runOnlyForDeploymentPostprocessing = 0;
			shellPath = /bin/sh;
			shellScript = "\"${SRCROOT}/Pods/Target Support Files/Pods-FindABook/Pods-FindABook-resources.sh\"\n";
			showEnvVarsInLog = 0;
		};
		9DFDBA6BEA8D07A230469905 /* [CP] Copy Pods Resources */ = {
			isa = PBXShellScriptBuildPhase;
			buildActionMask = 2147483647;
			files = (
			);
			inputPaths = (
			);
			name = "[CP] Copy Pods Resources";
			outputPaths = (
			);
			runOnlyForDeploymentPostprocessing = 0;
			shellPath = /bin/sh;
			shellScript = "\"${SRCROOT}/Pods/Target Support Files/Pods-FindABookUITests/Pods-FindABookUITests-resources.sh\"\n";
			showEnvVarsInLog = 0;
		};
		BEA4382D1DF1384804768433 /* [CP] Check Pods Manifest.lock */ = {
			isa = PBXShellScriptBuildPhase;
			buildActionMask = 2147483647;
			files = (
			);
			inputPaths = (
				"${PODS_PODFILE_DIR_PATH}/Podfile.lock",
				"${PODS_ROOT}/Manifest.lock",
			);
			name = "[CP] Check Pods Manifest.lock";
			outputPaths = (
				"$(DERIVED_FILE_DIR)/Pods-FindABookUITests-checkManifestLockResult.txt",
			);
			runOnlyForDeploymentPostprocessing = 0;
			shellPath = /bin/sh;
			shellScript = "diff \"${PODS_PODFILE_DIR_PATH}/Podfile.lock\" \"${PODS_ROOT}/Manifest.lock\" > /dev/null\nif [ $? != 0 ] ; then\n    # print error to STDERR\n    echo \"error: The sandbox is not in sync with the Podfile.lock. Run 'pod install' or update your CocoaPods installation.\" >&2\n    exit 1\nfi\n# This output is used by Xcode 'outputs' to avoid re-running this script phase.\necho \"SUCCESS\" > \"${SCRIPT_OUTPUT_FILE_0}\"\n";
			showEnvVarsInLog = 0;
		};
		EA2BB7D4558B6F9491808C14 /* [CP] Embed Pods Frameworks */ = {
			isa = PBXShellScriptBuildPhase;
			buildActionMask = 2147483647;
			files = (
			);
			inputPaths = (
			);
			name = "[CP] Embed Pods Frameworks";
			outputPaths = (
			);
			runOnlyForDeploymentPostprocessing = 0;
			shellPath = /bin/sh;
			shellScript = "\"${SRCROOT}/Pods/Target Support Files/Pods-FindABookTests/Pods-FindABookTests-frameworks.sh\"\n";
			showEnvVarsInLog = 0;
		};
/* End PBXShellScriptBuildPhase section */

/* Begin PBXSourcesBuildPhase section */
		D4058E421FE410CF009F435F /* Sources */ = {
			isa = PBXSourcesBuildPhase;
			buildActionMask = 2147483647;
			files = (
				D49FC5661FE41A21008E59D9 /* FBBookListViewController+CollectionView.swift in Sources */,
				D4058E8D1FE416A9009F435F /* FBBooksListModel.swift in Sources */,
				D49FC5641FE419C8008E59D9 /* FBBookCell.swift in Sources */,
				D4058E7B1FE41521009F435F /* FBMappingManager.swift in Sources */,
				D4058E7E1FE4155A009F435F /* FBBookService.swift in Sources */,
				D4058E8A1FE41677009F435F /* FBBaseMappable.swift in Sources */,
				D4058E791FE414E1009F435F /* FBNetwokrManager.swift in Sources */,
				D4058E841FE415EC009F435F /* FBBaseViewModel.swift in Sources */,
				D4058E4A1FE410CF009F435F /* AppDelegate.swift in Sources */,
				D4058E811FE4159B009F435F /* Constants.swift in Sources */,
				D4058E861FE41618009F435F /* FBBookViewModel.swift in Sources */,
				D49FC55D1FE4178F008E59D9 /* FBBaseViewController.swift in Sources */,
				D49FC5681FE4263E008E59D9 /* UIView+CardShadow.swift in Sources */,
				D49FC5601FE417E8008E59D9 /* FBBookListViewController.swift in Sources */,
			);
			runOnlyForDeploymentPostprocessing = 0;
		};
		D4058E561FE410CF009F435F /* Sources */ = {
			isa = PBXSourcesBuildPhase;
			buildActionMask = 2147483647;
			files = (
				D4058E5F1FE410CF009F435F /* FindABookTests.swift in Sources */,
			);
			runOnlyForDeploymentPostprocessing = 0;
		};
		D4058E611FE410CF009F435F /* Sources */ = {
			isa = PBXSourcesBuildPhase;
			buildActionMask = 2147483647;
			files = (
				D4058E6A1FE410CF009F435F /* FindABookUITests.swift in Sources */,
			);
			runOnlyForDeploymentPostprocessing = 0;
		};
/* End PBXSourcesBuildPhase section */

/* Begin PBXTargetDependency section */
		D4058E5C1FE410CF009F435F /* PBXTargetDependency */ = {
			isa = PBXTargetDependency;
			target = D4058E451FE410CF009F435F /* FindABook */;
			targetProxy = D4058E5B1FE410CF009F435F /* PBXContainerItemProxy */;
		};
		D4058E671FE410CF009F435F /* PBXTargetDependency */ = {
			isa = PBXTargetDependency;
			target = D4058E451FE410CF009F435F /* FindABook */;
			targetProxy = D4058E661FE410CF009F435F /* PBXContainerItemProxy */;
		};
/* End PBXTargetDependency section */

/* Begin PBXVariantGroup section */
		D4058E4D1FE410CF009F435F /* Main.storyboard */ = {
			isa = PBXVariantGroup;
			children = (
				D4058E4E1FE410CF009F435F /* Base */,
			);
			name = Main.storyboard;
			sourceTree = "<group>";
		};
		D4058E521FE410CF009F435F /* LaunchScreen.storyboard */ = {
			isa = PBXVariantGroup;
			children = (
				D4058E531FE410CF009F435F /* Base */,
			);
			name = LaunchScreen.storyboard;
			sourceTree = "<group>";
		};
/* End PBXVariantGroup section */

/* Begin XCBuildConfiguration section */
		D4058E6C1FE410CF009F435F /* Debug */ = {
			isa = XCBuildConfiguration;
			buildSettings = {
				ALWAYS_SEARCH_USER_PATHS = NO;
				CLANG_ANALYZER_NONNULL = YES;
				CLANG_ANALYZER_NUMBER_OBJECT_CONVERSION = YES_AGGRESSIVE;
				CLANG_CXX_LANGUAGE_STANDARD = "gnu++14";
				CLANG_CXX_LIBRARY = "libc++";
				CLANG_ENABLE_MODULES = YES;
				CLANG_ENABLE_OBJC_ARC = YES;
				CLANG_WARN_BLOCK_CAPTURE_AUTORELEASING = YES;
				CLANG_WARN_BOOL_CONVERSION = YES;
				CLANG_WARN_COMMA = YES;
				CLANG_WARN_CONSTANT_CONVERSION = YES;
				CLANG_WARN_DIRECT_OBJC_ISA_USAGE = YES_ERROR;
				CLANG_WARN_DOCUMENTATION_COMMENTS = YES;
				CLANG_WARN_EMPTY_BODY = YES;
				CLANG_WARN_ENUM_CONVERSION = YES;
				CLANG_WARN_INFINITE_RECURSION = YES;
				CLANG_WARN_INT_CONVERSION = YES;
				CLANG_WARN_NON_LITERAL_NULL_CONVERSION = YES;
				CLANG_WARN_OBJC_LITERAL_CONVERSION = YES;
				CLANG_WARN_OBJC_ROOT_CLASS = YES_ERROR;
				CLANG_WARN_RANGE_LOOP_ANALYSIS = YES;
				CLANG_WARN_STRICT_PROTOTYPES = YES;
				CLANG_WARN_SUSPICIOUS_MOVE = YES;
				CLANG_WARN_UNGUARDED_AVAILABILITY = YES_AGGRESSIVE;
				CLANG_WARN_UNREACHABLE_CODE = YES;
				CLANG_WARN__DUPLICATE_METHOD_MATCH = YES;
				CODE_SIGN_IDENTITY = "iPhone Developer";
				COPY_PHASE_STRIP = NO;
				DEBUG_INFORMATION_FORMAT = dwarf;
				ENABLE_STRICT_OBJC_MSGSEND = YES;
				ENABLE_TESTABILITY = YES;
				GCC_C_LANGUAGE_STANDARD = gnu11;
				GCC_DYNAMIC_NO_PIC = NO;
				GCC_NO_COMMON_BLOCKS = YES;
				GCC_OPTIMIZATION_LEVEL = 0;
				GCC_PREPROCESSOR_DEFINITIONS = (
					"DEBUG=1",
					"$(inherited)",
				);
				GCC_WARN_64_TO_32_BIT_CONVERSION = YES;
				GCC_WARN_ABOUT_RETURN_TYPE = YES_ERROR;
				GCC_WARN_UNDECLARED_SELECTOR = YES;
				GCC_WARN_UNINITIALIZED_AUTOS = YES_AGGRESSIVE;
				GCC_WARN_UNUSED_FUNCTION = YES;
				GCC_WARN_UNUSED_VARIABLE = YES;
				IPHONEOS_DEPLOYMENT_TARGET = 11.0;
				MTL_ENABLE_DEBUG_INFO = YES;
				ONLY_ACTIVE_ARCH = YES;
				SDKROOT = iphoneos;
				SWIFT_ACTIVE_COMPILATION_CONDITIONS = DEBUG;
				SWIFT_OPTIMIZATION_LEVEL = "-Onone";
			};
			name = Debug;
		};
		D4058E6D1FE410CF009F435F /* Release */ = {
			isa = XCBuildConfiguration;
			buildSettings = {
				ALWAYS_SEARCH_USER_PATHS = NO;
				CLANG_ANALYZER_NONNULL = YES;
				CLANG_ANALYZER_NUMBER_OBJECT_CONVERSION = YES_AGGRESSIVE;
				CLANG_CXX_LANGUAGE_STANDARD = "gnu++14";
				CLANG_CXX_LIBRARY = "libc++";
				CLANG_ENABLE_MODULES = YES;
				CLANG_ENABLE_OBJC_ARC = YES;
				CLANG_WARN_BLOCK_CAPTURE_AUTORELEASING = YES;
				CLANG_WARN_BOOL_CONVERSION = YES;
				CLANG_WARN_COMMA = YES;
				CLANG_WARN_CONSTANT_CONVERSION = YES;
				CLANG_WARN_DIRECT_OBJC_ISA_USAGE = YES_ERROR;
				CLANG_WARN_DOCUMENTATION_COMMENTS = YES;
				CLANG_WARN_EMPTY_BODY = YES;
				CLANG_WARN_ENUM_CONVERSION = YES;
				CLANG_WARN_INFINITE_RECURSION = YES;
				CLANG_WARN_INT_CONVERSION = YES;
				CLANG_WARN_NON_LITERAL_NULL_CONVERSION = YES;
				CLANG_WARN_OBJC_LITERAL_CONVERSION = YES;
				CLANG_WARN_OBJC_ROOT_CLASS = YES_ERROR;
				CLANG_WARN_RANGE_LOOP_ANALYSIS = YES;
				CLANG_WARN_STRICT_PROTOTYPES = YES;
				CLANG_WARN_SUSPICIOUS_MOVE = YES;
				CLANG_WARN_UNGUARDED_AVAILABILITY = YES_AGGRESSIVE;
				CLANG_WARN_UNREACHABLE_CODE = YES;
				CLANG_WARN__DUPLICATE_METHOD_MATCH = YES;
				CODE_SIGN_IDENTITY = "iPhone Developer";
				COPY_PHASE_STRIP = NO;
				DEBUG_INFORMATION_FORMAT = "dwarf-with-dsym";
				ENABLE_NS_ASSERTIONS = NO;
				ENABLE_STRICT_OBJC_MSGSEND = YES;
				GCC_C_LANGUAGE_STANDARD = gnu11;
				GCC_NO_COMMON_BLOCKS = YES;
				GCC_WARN_64_TO_32_BIT_CONVERSION = YES;
				GCC_WARN_ABOUT_RETURN_TYPE = YES_ERROR;
				GCC_WARN_UNDECLARED_SELECTOR = YES;
				GCC_WARN_UNINITIALIZED_AUTOS = YES_AGGRESSIVE;
				GCC_WARN_UNUSED_FUNCTION = YES;
				GCC_WARN_UNUSED_VARIABLE = YES;
				IPHONEOS_DEPLOYMENT_TARGET = 11.0;
				MTL_ENABLE_DEBUG_INFO = NO;
				SDKROOT = iphoneos;
				SWIFT_OPTIMIZATION_LEVEL = "-Owholemodule";
				VALIDATE_PRODUCT = YES;
			};
			name = Release;
		};
		D4058E6F1FE410CF009F435F /* Debug */ = {
			isa = XCBuildConfiguration;
			baseConfigurationReference = E2DD4375B3D0316BBA686466 /* Pods-FindABook.debug.xcconfig */;
			buildSettings = {
				ASSETCATALOG_COMPILER_APPICON_NAME = AppIcon;
				CODE_SIGN_STYLE = Automatic;
				DEVELOPMENT_TEAM = SK6WUB3TZG;
				INFOPLIST_FILE = FindABook/Info.plist;
				LD_RUNPATH_SEARCH_PATHS = "$(inherited) @executable_path/Frameworks";
				PRODUCT_BUNDLE_IDENTIFIER = Holidu.FindABook;
				PRODUCT_NAME = "$(TARGET_NAME)";
				SWIFT_VERSION = 4.0;
				TARGETED_DEVICE_FAMILY = "1,2";
			};
			name = Debug;
		};
		D4058E701FE410CF009F435F /* Release */ = {
			isa = XCBuildConfiguration;
			baseConfigurationReference = 04814B9757CA35F08CB29C19 /* Pods-FindABook.release.xcconfig */;
			buildSettings = {
				ASSETCATALOG_COMPILER_APPICON_NAME = AppIcon;
				CODE_SIGN_STYLE = Automatic;
				DEVELOPMENT_TEAM = SK6WUB3TZG;
				INFOPLIST_FILE = FindABook/Info.plist;
				LD_RUNPATH_SEARCH_PATHS = "$(inherited) @executable_path/Frameworks";
				PRODUCT_BUNDLE_IDENTIFIER = Holidu.FindABook;
				PRODUCT_NAME = "$(TARGET_NAME)";
				SWIFT_VERSION = 4.0;
				TARGETED_DEVICE_FAMILY = "1,2";
			};
			name = Release;
		};
		D4058E721FE410CF009F435F /* Debug */ = {
			isa = XCBuildConfiguration;
			baseConfigurationReference = D75BDABE5014576DD89829E8 /* Pods-FindABookTests.debug.xcconfig */;
			buildSettings = {
				ALWAYS_EMBED_SWIFT_STANDARD_LIBRARIES = YES;
				BUNDLE_LOADER = "$(TEST_HOST)";
				CODE_SIGN_STYLE = Automatic;
				INFOPLIST_FILE = FindABookTests/Info.plist;
				LD_RUNPATH_SEARCH_PATHS = "$(inherited) @executable_path/Frameworks @loader_path/Frameworks";
				PRODUCT_BUNDLE_IDENTIFIER = Holidu.FindABookTests;
				PRODUCT_NAME = "$(TARGET_NAME)";
				SWIFT_VERSION = 4.0;
				TARGETED_DEVICE_FAMILY = "1,2";
				TEST_HOST = "$(BUILT_PRODUCTS_DIR)/FindABook.app/FindABook";
			};
			name = Debug;
		};
		D4058E731FE410CF009F435F /* Release */ = {
			isa = XCBuildConfiguration;
			baseConfigurationReference = 67BB53C77382D8458D505729 /* Pods-FindABookTests.release.xcconfig */;
			buildSettings = {
				ALWAYS_EMBED_SWIFT_STANDARD_LIBRARIES = YES;
				BUNDLE_LOADER = "$(TEST_HOST)";
				CODE_SIGN_STYLE = Automatic;
				INFOPLIST_FILE = FindABookTests/Info.plist;
				LD_RUNPATH_SEARCH_PATHS = "$(inherited) @executable_path/Frameworks @loader_path/Frameworks";
				PRODUCT_BUNDLE_IDENTIFIER = Holidu.FindABookTests;
				PRODUCT_NAME = "$(TARGET_NAME)";
				SWIFT_VERSION = 4.0;
				TARGETED_DEVICE_FAMILY = "1,2";
				TEST_HOST = "$(BUILT_PRODUCTS_DIR)/FindABook.app/FindABook";
			};
			name = Release;
		};
		D4058E751FE410CF009F435F /* Debug */ = {
			isa = XCBuildConfiguration;
			baseConfigurationReference = 05CB7EA9EC16CDA09165B874 /* Pods-FindABookUITests.debug.xcconfig */;
			buildSettings = {
				ALWAYS_EMBED_SWIFT_STANDARD_LIBRARIES = YES;
				CODE_SIGN_STYLE = Automatic;
				INFOPLIST_FILE = FindABookUITests/Info.plist;
				LD_RUNPATH_SEARCH_PATHS = "$(inherited) @executable_path/Frameworks @loader_path/Frameworks";
				PRODUCT_BUNDLE_IDENTIFIER = Holidu.FindABookUITests;
				PRODUCT_NAME = "$(TARGET_NAME)";
				SWIFT_VERSION = 4.0;
				TARGETED_DEVICE_FAMILY = "1,2";
				TEST_TARGET_NAME = FindABook;
			};
			name = Debug;
		};
		D4058E761FE410CF009F435F /* Release */ = {
			isa = XCBuildConfiguration;
			baseConfigurationReference = 48668A053D33C3E3D5BFA190 /* Pods-FindABookUITests.release.xcconfig */;
			buildSettings = {
				ALWAYS_EMBED_SWIFT_STANDARD_LIBRARIES = YES;
				CODE_SIGN_STYLE = Automatic;
				INFOPLIST_FILE = FindABookUITests/Info.plist;
				LD_RUNPATH_SEARCH_PATHS = "$(inherited) @executable_path/Frameworks @loader_path/Frameworks";
				PRODUCT_BUNDLE_IDENTIFIER = Holidu.FindABookUITests;
				PRODUCT_NAME = "$(TARGET_NAME)";
				SWIFT_VERSION = 4.0;
				TARGETED_DEVICE_FAMILY = "1,2";
				TEST_TARGET_NAME = FindABook;
			};
			name = Release;
		};
/* End XCBuildConfiguration section */

/* Begin XCConfigurationList section */
		D4058E411FE410CF009F435F /* Build configuration list for PBXProject "FindABook" */ = {
			isa = XCConfigurationList;
			buildConfigurations = (
				D4058E6C1FE410CF009F435F /* Debug */,
				D4058E6D1FE410CF009F435F /* Release */,
			);
			defaultConfigurationIsVisible = 0;
			defaultConfigurationName = Release;
		};
		D4058E6E1FE410CF009F435F /* Build configuration list for PBXNativeTarget "FindABook" */ = {
			isa = XCConfigurationList;
			buildConfigurations = (
				D4058E6F1FE410CF009F435F /* Debug */,
				D4058E701FE410CF009F435F /* Release */,
			);
			defaultConfigurationIsVisible = 0;
			defaultConfigurationName = Release;
		};
		D4058E711FE410CF009F435F /* Build configuration list for PBXNativeTarget "FindABookTests" */ = {
			isa = XCConfigurationList;
			buildConfigurations = (
				D4058E721FE410CF009F435F /* Debug */,
				D4058E731FE410CF009F435F /* Release */,
			);
			defaultConfigurationIsVisible = 0;
			defaultConfigurationName = Release;
		};
		D4058E741FE410CF009F435F /* Build configuration list for PBXNativeTarget "FindABookUITests" */ = {
			isa = XCConfigurationList;
			buildConfigurations = (
				D4058E751FE410CF009F435F /* Debug */,
				D4058E761FE410CF009F435F /* Release */,
			);
			defaultConfigurationIsVisible = 0;
			defaultConfigurationName = Release;
		};
/* End XCConfigurationList section */
	};
	rootObject = D4058E3E1FE410CF009F435F /* Project object */;
}
