// !$*UTF8*$!
{
	archiveVersion = 1;
	classes = {
	};
	objectVersion = 48;
	objects = {

/* Begin PBXBuildFile section */
		D4058E4A1FE410CF009F435F /* AppDelegate.swift in Sources */ = {isa = PBXBuildFile; fileRef = D4058E491FE410CF009F435F /* AppDelegate.swift */; };
		D4058E4C1FE410CF009F435F /* ViewController.swift in Sources */ = {isa = PBXBuildFile; fileRef = D4058E4B1FE410CF009F435F /* ViewController.swift */; };
		D4058E4F1FE410CF009F435F /* Main.storyboard in Resources */ = {isa = PBXBuildFile; fileRef = D4058E4D1FE410CF009F435F /* Main.storyboard */; };
		D4058E511FE410CF009F435F /* Assets.xcassets in Resources */ = {isa = PBXBuildFile; fileRef = D4058E501FE410CF009F435F /* Assets.xcassets */; };
		D4058E541FE410CF009F435F /* LaunchScreen.storyboard in Resources */ = {isa = PBXBuildFile; fileRef = D4058E521FE410CF009F435F /* LaunchScreen.storyboard */; };
		D4058E5F1FE410CF009F435F /* FindABookTests.swift in Sources */ = {isa = PBXBuildFile; fileRef = D4058E5E1FE410CF009F435F /* FindABookTests.swift */; };
		D4058E6A1FE410CF009F435F /* FindABookUITests.swift in Sources */ = {isa = PBXBuildFile; fileRef = D4058E691FE410CF009F435F /* FindABookUITests.swift */; };
/* End PBXBuildFile section */

/* Begin PBXContainerItemProxy section */
		D4058E5B1FE410CF009F435F /* PBXContainerItemProxy */ = {
			isa = PBXContainerItemProxy;
			containerPortal = D4058E3E1FE410CF009F435F /* Project object */;
			proxyType = 1;
			remoteGlobalIDString = D4058E451FE410CF009F435F;
			remoteInfo = FindABook;
		};
		D4058E661FE410CF009F435F /* PBXContainerItemProxy */ = {
			isa = PBXContainerItemProxy;
			containerPortal = D4058E3E1FE410CF009F435F /* Project object */;
			proxyType = 1;
			remoteGlobalIDString = D4058E451FE410CF009F435F;
			remoteInfo = FindABook;
		};
/* End PBXContainerItemProxy section */

/* Begin PBXFileReference section */
		D4058E461FE410CF009F435F /* FindABook.app */ = {isa = PBXFileReference; explicitFileType = wrapper.application; includeInIndex = 0; path = FindABook.app; sourceTree = BUILT_PRODUCTS_DIR; };
		D4058E491FE410CF009F435F /* AppDelegate.swift */ = {isa = PBXFileReference; lastKnownFileType = sourcecode.swift; path = AppDelegate.swift; sourceTree = "<group>"; };
		D4058E4B1FE410CF009F435F /* ViewController.swift */ = {isa = PBXFileReference; lastKnownFileType = sourcecode.swift; path = ViewController.swift; sourceTree = "<group>"; };
		D4058E4E1FE410CF009F435F /* Base */ = {isa = PBXFileReference; lastKnownFileType = file.storyboard; name = Base; path = Base.lproj/Main.storyboard; sourceTree = "<group>"; };
		D4058E501FE410CF009F435F /* Assets.xcassets */ = {isa = PBXFileReference; lastKnownFileType = folder.assetcatalog; path = Assets.xcassets; sourceTree = "<group>"; };
		D4058E531FE410CF009F435F /* Base */ = {isa = PBXFileReference; lastKnownFileType = file.storyboard; name = Base; path = Base.lproj/LaunchScreen.storyboard; sourceTree = "<group>"; };
		D4058E551FE410CF009F435F /* Info.plist */ = {isa = PBXFileReference; lastKnownFileType = text.plist.xml; path = Info.plist; sourceTree = "<group>"; };
		D4058E5A1FE410CF009F435F /* FindABookTests.xctest */ = {isa = PBXFileReference; explicitFileType = wrapper.cfbundle; includeInIndex = 0; path = FindABookTests.xctest; sourceTree = BUILT_PRODUCTS_DIR; };
		D4058E5E1FE410CF009F435F /* FindABookTests.swift */ = {isa = PBXFileReference; lastKnownFileType = sourcecode.swift; path = FindABookTests.swift; sourceTree = "<group>"; };
		D4058E601FE410CF009F435F /* Info.plist */ = {isa = PBXFileReference; lastKnownFileType = text.plist.xml; path = Info.plist; sourceTree = "<group>"; };
		D4058E651FE410CF009F435F /* FindABookUITests.xctest */ = {isa = PBXFileReference; explicitFileType = wrapper.cfbundle; includeInIndex = 0; path = FindABookUITests.xctest; sourceTree = BUILT_PRODUCTS_DIR; };
		D4058E691FE410CF009F435F /* FindABookUITests.swift */ = {isa = PBXFileReference; lastKnownFileType = sourcecode.swift; path = FindABookUITests.swift; sourceTree = "<group>"; };
		D4058E6B1FE410CF009F435F /* Info.plist */ = {isa = PBXFileReference; lastKnownFileType = text.plist.xml; path = Info.plist; sourceTree = "<group>"; };
/* End PBXFileReference section */

/* Begin PBXFrameworksBuildPhase section */
		D4058E431FE410CF009F435F /* Frameworks */ = {
			isa = PBXFrameworksBuildPhase;
			buildActionMask = 2147483647;
			files = (
			);
			runOnlyForDeploymentPostprocessing = 0;
		};
		D4058E571FE410CF009F435F /* Frameworks */ = {
			isa = PBXFrameworksBuildPhase;
			buildActionMask = 2147483647;
			files = (
			);
			runOnlyForDeploymentPostprocessing = 0;
		};
		D4058E621FE410CF009F435F /* Frameworks */ = {
			isa = PBXFrameworksBuildPhase;
			buildActionMask = 2147483647;
			files = (
			);
			runOnlyForDeploymentPostprocessing = 0;
		};
/* End PBXFrameworksBuildPhase section */

/* Begin PBXGroup section */
		D4058E3D1FE410CF009F435F = {
			isa = PBXGroup;
			children = (
				D4058E481FE410CF009F435F /* FindABook */,
				D4058E5D1FE410CF009F435F /* FindABookTests */,
				D4058E681FE410CF009F435F /* FindABookUITests */,
				D4058E471FE410CF009F435F /* Products */,
			);
			sourceTree = "<group>";
		};
		D4058E471FE410CF009F435F /* Products */ = {
			isa = PBXGroup;
			children = (
				D4058E461FE410CF009F435F /* FindABook.app */,
				D4058E5A1FE410CF009F435F /* FindABookTests.xctest */,
				D4058E651FE410CF009F435F /* FindABookUITests.xctest */,
			);
			name = Products;
			sourceTree = "<group>";
		};
		D4058E481FE410CF009F435F /* FindABook */ = {
			isa = PBXGroup;
			children = (
				D4058E491FE410CF009F435F /* AppDelegate.swift */,
				D4058E4B1FE410CF009F435F /* ViewController.swift */,
				D4058E4D1FE410CF009F435F /* Main.storyboard */,
				D4058E501FE410CF009F435F /* Assets.xcassets */,
				D4058E521FE410CF009F435F /* LaunchScreen.storyboard */,
				D4058E551FE410CF009F435F /* Info.plist */,
			);
			path = FindABook;
			sourceTree = "<group>";
		};
		D4058E5D1FE410CF009F435F /* FindABookTests */ = {
			isa = PBXGroup;
			children = (
				D4058E5E1FE410CF009F435F /* FindABookTests.swift */,
				D4058E601FE410CF009F435F /* Info.plist */,
			);
			path = FindABookTests;
			sourceTree = "<group>";
		};
		D4058E681FE410CF009F435F /* FindABookUITests */ = {
			isa = PBXGroup;
			children = (
				D4058E691FE410CF009F435F /* FindABookUITests.swift */,
				D4058E6B1FE410CF009F435F /* Info.plist */,
			);
			path = FindABookUITests;
			sourceTree = "<group>";
		};
/* End PBXGroup section */

/* Begin PBXNativeTarget section */
		D4058E451FE410CF009F435F /* FindABook */ = {
			isa = PBXNativeTarget;
			buildConfigurationList = D4058E6E1FE410CF009F435F /* Build configuration list for PBXNativeTarget "FindABook" */;
			buildPhases = (
				D4058E421FE410CF009F435F /* Sources */,
				D4058E431FE410CF009F435F /* Frameworks */,
				D4058E441FE410CF009F435F /* Resources */,
			);
			buildRules = (
			);
			dependencies = (
			);
			name = FindABook;
			productName = FindABook;
			productReference = D4058E461FE410CF009F435F /* FindABook.app */;
			productType = "com.apple.product-type.application";
		};
		D4058E591FE410CF009F435F /* FindABookTests */ = {
			isa = PBXNativeTarget;
			buildConfigurationList = D4058E711FE410CF009F435F /* Build configuration list for PBXNativeTarget "FindABookTests" */;
			buildPhases = (
				D4058E561FE410CF009F435F /* Sources */,
				D4058E571FE410CF009F435F /* Frameworks */,
				D4058E581FE410CF009F435F /* Resources */,
			);
			buildRules = (
			);
			dependencies = (
				D4058E5C1FE410CF009F435F /* PBXTargetDependency */,
			);
			name = FindABookTests;
			productName = FindABookTests;
			productReference = D4058E5A1FE410CF009F435F /* FindABookTests.xctest */;
			productType = "com.apple.product-type.bundle.unit-test";
		};
		D4058E641FE410CF009F435F /* FindABookUITests */ = {
			isa = PBXNativeTarget;
			buildConfigurationList = D4058E741FE410CF009F435F /* Build configuration list for PBXNativeTarget "FindABookUITests" */;
			buildPhases = (
				D4058E611FE410CF009F435F /* Sources */,
				D4058E621FE410CF009F435F /* Frameworks */,
				D4058E631FE410CF009F435F /* Resources */,
			);
			buildRules = (
			);
			dependencies = (
				D4058E671FE410CF009F435F /* PBXTargetDependency */,
			);
			name = FindABookUITests;
			productName = FindABookUITests;
			productReference = D4058E651FE410CF009F435F /* FindABookUITests.xctest */;
			productType = "com.apple.product-type.bundle.ui-testing";
		};
/* End PBXNativeTarget section */

/* Begin PBXProject section */
		D4058E3E1FE410CF009F435F /* Project object */ = {
			isa = PBXProject;
			attributes = {
				LastSwiftUpdateCheck = 0900;
				LastUpgradeCheck = 0900;
				ORGANIZATIONNAME = "Shimaa Magdi";
				TargetAttributes = {
					D4058E451FE410CF009F435F = {
						CreatedOnToolsVersion = 9.0;
						ProvisioningStyle = Automatic;
					};
					D4058E591FE410CF009F435F = {
						CreatedOnToolsVersion = 9.0;
						ProvisioningStyle = Automatic;
						TestTargetID = D4058E451FE410CF009F435F;
					};
					D4058E641FE410CF009F435F = {
						CreatedOnToolsVersion = 9.0;
						ProvisioningStyle = Automatic;
						TestTargetID = D4058E451FE410CF009F435F;
					};
				};
			};
			buildConfigurationList = D4058E411FE410CF009F435F /* Build configuration list for PBXProject "FindABook" */;
			compatibilityVersion = "Xcode 8.0";
			developmentRegion = en;
			hasScannedForEncodings = 0;
			knownRegions = (
				en,
				Base,
			);
			mainGroup = D4058E3D1FE410CF009F435F;
			productRefGroup = D4058E471FE410CF009F435F /* Products */;
			projectDirPath = "";
			projectRoot = "";
			targets = (
				D4058E451FE410CF009F435F /* FindABook */,
				D4058E591FE410CF009F435F /* FindABookTests */,
				D4058E641FE410CF009F435F /* FindABookUITests */,
			);
		};
/* End PBXProject section */

/* Begin PBXResourcesBuildPhase section */
		D4058E441FE410CF009F435F /* Resources */ = {
			isa = PBXResourcesBuildPhase;
			buildActionMask = 2147483647;
			files = (
				D4058E541FE410CF009F435F /* LaunchScreen.storyboard in Resources */,
				D4058E511FE410CF009F435F /* Assets.xcassets in Resources */,
				D4058E4F1FE410CF009F435F /* Main.storyboard in Resources */,
			);
			runOnlyForDeploymentPostprocessing = 0;
		};
		D4058E581FE410CF009F435F /* Resources */ = {
			isa = PBXResourcesBuildPhase;
			buildActionMask = 2147483647;
			files = (
			);
			runOnlyForDeploymentPostprocessing = 0;
		};
		D4058E631FE410CF009F435F /* Resources */ = {
			isa = PBXResourcesBuildPhase;
			buildActionMask = 2147483647;
			files = (
			);
			runOnlyForDeploymentPostprocessing = 0;
		};
/* End PBXResourcesBuildPhase section */

/* Begin PBXSourcesBuildPhase section */
		D4058E421FE410CF009F435F /* Sources */ = {
			isa = PBXSourcesBuildPhase;
			buildActionMask = 2147483647;
			files = (
				D4058E4C1FE410CF009F435F /* ViewController.swift in Sources */,
				D4058E4A1FE410CF009F435F /* AppDelegate.swift in Sources */,
			);
			runOnlyForDeploymentPostprocessing = 0;
		};
		D4058E561FE410CF009F435F /* Sources */ = {
			isa = PBXSourcesBuildPhase;
			buildActionMask = 2147483647;
			files = (
				D4058E5F1FE410CF009F435F /* FindABookTests.swift in Sources */,
			);
			runOnlyForDeploymentPostprocessing = 0;
		};
		D4058E611FE410CF009F435F /* Sources */ = {
			isa = PBXSourcesBuildPhase;
			buildActionMask = 2147483647;
			files = (
				D4058E6A1FE410CF009F435F /* FindABookUITests.swift in Sources */,
			);
			runOnlyForDeploymentPostprocessing = 0;
		};
/* End PBXSourcesBuildPhase section */

/* Begin PBXTargetDependency section */
		D4058E5C1FE410CF009F435F /* PBXTargetDependency */ = {
			isa = PBXTargetDependency;
			target = D4058E451FE410CF009F435F /* FindABook */;
			targetProxy = D4058E5B1FE410CF009F435F /* PBXContainerItemProxy */;
		};
		D4058E671FE410CF009F435F /* PBXTargetDependency */ = {
			isa = PBXTargetDependency;
			target = D4058E451FE410CF009F435F /* FindABook */;
			targetProxy = D4058E661FE410CF009F435F /* PBXContainerItemProxy */;
		};
/* End PBXTargetDependency section */

/* Begin PBXVariantGroup section */
		D4058E4D1FE410CF009F435F /* Main.storyboard */ = {
			isa = PBXVariantGroup;
			children = (
				D4058E4E1FE410CF009F435F /* Base */,
			);
			name = Main.storyboard;
			sourceTree = "<group>";
		};
		D4058E521FE410CF009F435F /* LaunchScreen.storyboard */ = {
			isa = PBXVariantGroup;
			children = (
				D4058E531FE410CF009F435F /* Base */,
			);
			name = LaunchScreen.storyboard;
			sourceTree = "<group>";
		};
/* End PBXVariantGroup section */

/* Begin XCBuildConfiguration section */
		D4058E6C1FE410CF009F435F /* Debug */ = {
			isa = XCBuildConfiguration;
			buildSettings = {
				ALWAYS_SEARCH_USER_PATHS = NO;
				CLANG_ANALYZER_NONNULL = YES;
				CLANG_ANALYZER_NUMBER_OBJECT_CONVERSION = YES_AGGRESSIVE;
				CLANG_CXX_LANGUAGE_STANDARD = "gnu++14";
				CLANG_CXX_LIBRARY = "libc++";
				CLANG_ENABLE_MODULES = YES;
				CLANG_ENABLE_OBJC_ARC = YES;
				CLANG_WARN_BLOCK_CAPTURE_AUTORELEASING = YES;
				CLANG_WARN_BOOL_CONVERSION = YES;
				CLANG_WARN_COMMA = YES;
				CLANG_WARN_CONSTANT_CONVERSION = YES;
				CLANG_WARN_DIRECT_OBJC_ISA_USAGE = YES_ERROR;
				CLANG_WARN_DOCUMENTATION_COMMENTS = YES;
				CLANG_WARN_EMPTY_BODY = YES;
				CLANG_WARN_ENUM_CONVERSION = YES;
				CLANG_WARN_INFINITE_RECURSION = YES;
				CLANG_WARN_INT_CONVERSION = YES;
				CLANG_WARN_NON_LITERAL_NULL_CONVERSION = YES;
				CLANG_WARN_OBJC_LITERAL_CONVERSION = YES;
				CLANG_WARN_OBJC_ROOT_CLASS = YES_ERROR;
				CLANG_WARN_RANGE_LOOP_ANALYSIS = YES;
				CLANG_WARN_STRICT_PROTOTYPES = YES;
				CLANG_WARN_SUSPICIOUS_MOVE = YES;
				CLANG_WARN_UNGUARDED_AVAILABILITY = YES_AGGRESSIVE;
				CLANG_WARN_UNREACHABLE_CODE = YES;
				CLANG_WARN__DUPLICATE_METHOD_MATCH = YES;
				CODE_SIGN_IDENTITY = "iPhone Developer";
				COPY_PHASE_STRIP = NO;
				DEBUG_INFORMATION_FORMAT = dwarf;
				ENABLE_STRICT_OBJC_MSGSEND = YES;
				ENABLE_TESTABILITY = YES;
				GCC_C_LANGUAGE_STANDARD = gnu11;
				GCC_DYNAMIC_NO_PIC = NO;
				GCC_NO_COMMON_BLOCKS = YES;
				GCC_OPTIMIZATION_LEVEL = 0;
				GCC_PREPROCESSOR_DEFINITIONS = (
					"DEBUG=1",
					"$(inherited)",
				);
				GCC_WARN_64_TO_32_BIT_CONVERSION = YES;
				GCC_WARN_ABOUT_RETURN_TYPE = YES_ERROR;
				GCC_WARN_UNDECLARED_SELECTOR = YES;
				GCC_WARN_UNINITIALIZED_AUTOS = YES_AGGRESSIVE;
				GCC_WARN_UNUSED_FUNCTION = YES;
				GCC_WARN_UNUSED_VARIABLE = YES;
				IPHONEOS_DEPLOYMENT_TARGET = 11.0;
				MTL_ENABLE_DEBUG_INFO = YES;
				ONLY_ACTIVE_ARCH = YES;
				SDKROOT = iphoneos;
				SWIFT_ACTIVE_COMPILATION_CONDITIONS = DEBUG;
				SWIFT_OPTIMIZATION_LEVEL = "-Onone";
			};
			name = Debug;
		};
		D4058E6D1FE410CF009F435F /* Release */ = {
			isa = XCBuildConfiguration;
			buildSettings = {
				ALWAYS_SEARCH_USER_PATHS = NO;
				CLANG_ANALYZER_NONNULL = YES;
				CLANG_ANALYZER_NUMBER_OBJECT_CONVERSION = YES_AGGRESSIVE;
				CLANG_CXX_LANGUAGE_STANDARD = "gnu++14";
				CLANG_CXX_LIBRARY = "libc++";
				CLANG_ENABLE_MODULES = YES;
				CLANG_ENABLE_OBJC_ARC = YES;
				CLANG_WARN_BLOCK_CAPTURE_AUTORELEASING = YES;
				CLANG_WARN_BOOL_CONVERSION = YES;
				CLANG_WARN_COMMA = YES;
				CLANG_WARN_CONSTANT_CONVERSION = YES;
				CLANG_WARN_DIRECT_OBJC_ISA_USAGE = YES_ERROR;
				CLANG_WARN_DOCUMENTATION_COMMENTS = YES;
				CLANG_WARN_EMPTY_BODY = YES;
				CLANG_WARN_ENUM_CONVERSION = YES;
				CLANG_WARN_INFINITE_RECURSION = YES;
				CLANG_WARN_INT_CONVERSION = YES;
				CLANG_WARN_NON_LITERAL_NULL_CONVERSION = YES;
				CLANG_WARN_OBJC_LITERAL_CONVERSION = YES;
				CLANG_WARN_OBJC_ROOT_CLASS = YES_ERROR;
				CLANG_WARN_RANGE_LOOP_ANALYSIS = YES;
				CLANG_WARN_STRICT_PROTOTYPES = YES;
				CLANG_WARN_SUSPICIOUS_MOVE = YES;
				CLANG_WARN_UNGUARDED_AVAILABILITY = YES_AGGRESSIVE;
				CLANG_WARN_UNREACHABLE_CODE = YES;
				CLANG_WARN__DUPLICATE_METHOD_MATCH = YES;
				CODE_SIGN_IDENTITY = "iPhone Developer";
				COPY_PHASE_STRIP = NO;
				DEBUG_INFORMATION_FORMAT = "dwarf-with-dsym";
				ENABLE_NS_ASSERTIONS = NO;
				ENABLE_STRICT_OBJC_MSGSEND = YES;
				GCC_C_LANGUAGE_STANDARD = gnu11;
				GCC_NO_COMMON_BLOCKS = YES;
				GCC_WARN_64_TO_32_BIT_CONVERSION = YES;
				GCC_WARN_ABOUT_RETURN_TYPE = YES_ERROR;
				GCC_WARN_UNDECLARED_SELECTOR = YES;
				GCC_WARN_UNINITIALIZED_AUTOS = YES_AGGRESSIVE;
				GCC_WARN_UNUSED_FUNCTION = YES;
				GCC_WARN_UNUSED_VARIABLE = YES;
				IPHONEOS_DEPLOYMENT_TARGET = 11.0;
				MTL_ENABLE_DEBUG_INFO = NO;
				SDKROOT = iphoneos;
				SWIFT_OPTIMIZATION_LEVEL = "-Owholemodule";
				VALIDATE_PRODUCT = YES;
			};
			name = Release;
		};
		D4058E6F1FE410CF009F435F /* Debug */ = {
			isa = XCBuildConfiguration;
			buildSettings = {
				ASSETCATALOG_COMPILER_APPICON_NAME = AppIcon;
				CODE_SIGN_STYLE = Automatic;
				INFOPLIST_FILE = FindABook/Info.plist;
				LD_RUNPATH_SEARCH_PATHS = "$(inherited) @executable_path/Frameworks";
				PRODUCT_BUNDLE_IDENTIFIER = Holidu.FindABook;
				PRODUCT_NAME = "$(TARGET_NAME)";
				SWIFT_VERSION = 4.0;
				TARGETED_DEVICE_FAMILY = "1,2";
			};
			name = Debug;
		};
		D4058E701FE410CF009F435F /* Release */ = {
			isa = XCBuildConfiguration;
			buildSettings = {
				ASSETCATALOG_COMPILER_APPICON_NAME = AppIcon;
				CODE_SIGN_STYLE = Automatic;
				INFOPLIST_FILE = FindABook/Info.plist;
				LD_RUNPATH_SEARCH_PATHS = "$(inherited) @executable_path/Frameworks";
				PRODUCT_BUNDLE_IDENTIFIER = Holidu.FindABook;
				PRODUCT_NAME = "$(TARGET_NAME)";
				SWIFT_VERSION = 4.0;
				TARGETED_DEVICE_FAMILY = "1,2";
			};
			name = Release;
		};
		D4058E721FE410CF009F435F /* Debug */ = {
			isa = XCBuildConfiguration;
			buildSettings = {
				ALWAYS_EMBED_SWIFT_STANDARD_LIBRARIES = YES;
				BUNDLE_LOADER = "$(TEST_HOST)";
				CODE_SIGN_STYLE = Automatic;
				INFOPLIST_FILE = FindABookTests/Info.plist;
				LD_RUNPATH_SEARCH_PATHS = "$(inherited) @executable_path/Frameworks @loader_path/Frameworks";
				PRODUCT_BUNDLE_IDENTIFIER = Holidu.FindABookTests;
				PRODUCT_NAME = "$(TARGET_NAME)";
				SWIFT_VERSION = 4.0;
				TARGETED_DEVICE_FAMILY = "1,2";
				TEST_HOST = "$(BUILT_PRODUCTS_DIR)/FindABook.app/FindABook";
			};
			name = Debug;
		};
		D4058E731FE410CF009F435F /* Release */ = {
			isa = XCBuildConfiguration;
			buildSettings = {
				ALWAYS_EMBED_SWIFT_STANDARD_LIBRARIES = YES;
				BUNDLE_LOADER = "$(TEST_HOST)";
				CODE_SIGN_STYLE = Automatic;
				INFOPLIST_FILE = FindABookTests/Info.plist;
				LD_RUNPATH_SEARCH_PATHS = "$(inherited) @executable_path/Frameworks @loader_path/Frameworks";
				PRODUCT_BUNDLE_IDENTIFIER = Holidu.FindABookTests;
				PRODUCT_NAME = "$(TARGET_NAME)";
				SWIFT_VERSION = 4.0;
				TARGETED_DEVICE_FAMILY = "1,2";
				TEST_HOST = "$(BUILT_PRODUCTS_DIR)/FindABook.app/FindABook";
			};
			name = Release;
		};
		D4058E751FE410CF009F435F /* Debug */ = {
			isa = XCBuildConfiguration;
			buildSettings = {
				ALWAYS_EMBED_SWIFT_STANDARD_LIBRARIES = YES;
				CODE_SIGN_STYLE = Automatic;
				INFOPLIST_FILE = FindABookUITests/Info.plist;
				LD_RUNPATH_SEARCH_PATHS = "$(inherited) @executable_path/Frameworks @loader_path/Frameworks";
				PRODUCT_BUNDLE_IDENTIFIER = Holidu.FindABookUITests;
				PRODUCT_NAME = "$(TARGET_NAME)";
				SWIFT_VERSION = 4.0;
				TARGETED_DEVICE_FAMILY = "1,2";
				TEST_TARGET_NAME = FindABook;
			};
			name = Debug;
		};
		D4058E761FE410CF009F435F /* Release */ = {
			isa = XCBuildConfiguration;
			buildSettings = {
				ALWAYS_EMBED_SWIFT_STANDARD_LIBRARIES = YES;
				CODE_SIGN_STYLE = Automatic;
				INFOPLIST_FILE = FindABookUITests/Info.plist;
				LD_RUNPATH_SEARCH_PATHS = "$(inherited) @executable_path/Frameworks @loader_path/Frameworks";
				PRODUCT_BUNDLE_IDENTIFIER = Holidu.FindABookUITests;
				PRODUCT_NAME = "$(TARGET_NAME)";
				SWIFT_VERSION = 4.0;
				TARGETED_DEVICE_FAMILY = "1,2";
				TEST_TARGET_NAME = FindABook;
			};
			name = Release;
		};
/* End XCBuildConfiguration section */

/* Begin XCConfigurationList section */
		D4058E411FE410CF009F435F /* Build configuration list for PBXProject "FindABook" */ = {
			isa = XCConfigurationList;
			buildConfigurations = (
				D4058E6C1FE410CF009F435F /* Debug */,
				D4058E6D1FE410CF009F435F /* Release */,
			);
			defaultConfigurationIsVisible = 0;
			defaultConfigurationName = Release;
		};
		D4058E6E1FE410CF009F435F /* Build configuration list for PBXNativeTarget "FindABook" */ = {
			isa = XCConfigurationList;
			buildConfigurations = (
				D4058E6F1FE410CF009F435F /* Debug */,
				D4058E701FE410CF009F435F /* Release */,
			);
			defaultConfigurationIsVisible = 0;
			defaultConfigurationName = Release;
		};
		D4058E711FE410CF009F435F /* Build configuration list for PBXNativeTarget "FindABookTests" */ = {
			isa = XCConfigurationList;
			buildConfigurations = (
				D4058E721FE410CF009F435F /* Debug */,
				D4058E731FE410CF009F435F /* Release */,
			);
			defaultConfigurationIsVisible = 0;
			defaultConfigurationName = Release;
		};
		D4058E741FE410CF009F435F /* Build configuration list for PBXNativeTarget "FindABookUITests" */ = {
			isa = XCConfigurationList;
			buildConfigurations = (
				D4058E751FE410CF009F435F /* Debug */,
				D4058E761FE410CF009F435F /* Release */,
			);
			defaultConfigurationIsVisible = 0;
			defaultConfigurationName = Release;
		};
/* End XCConfigurationList section */
	};
	rootObject = D4058E3E1FE410CF009F435F /* Project object */;
}
